# This file is automatically @generated by Cargo.
# It is not intended for manual editing.
[[package]]
name = "bitreader"
version = "0.3.1"
source = "registry+https://github.com/rust-lang/crates.io-index"

[[package]]
name = "cc"
version = "1.0.37"
source = "registry+https://github.com/rust-lang/crates.io-index"

[[package]]
name = "cmake"
version = "0.1.40"
source = "registry+https://github.com/rust-lang/crates.io-index"
dependencies = [
 "cc 1.0.37 (registry+https://github.com/rust-lang/crates.io-index)",
]

[[package]]
name = "cryptominisat"
version = "5.6.3"
source = "registry+https://github.com/rust-lang/crates.io-index"
dependencies = [
 "cmake 0.1.40 (registry+https://github.com/rust-lang/crates.io-index)",
 "libc 0.2.55 (registry+https://github.com/rust-lang/crates.io-index)",
]

[[package]]
name = "eva-builder"
version = "0.1.0"
dependencies = [
 "eva-crypto 0.1.0",
]

[[package]]
name = "eva-crypto"
version = "0.1.0"
dependencies = [
 "bitreader 0.3.1 (registry+https://github.com/rust-lang/crates.io-index)",
]

[[package]]
name = "eva-solver"
version = "0.1.0"
dependencies = [
 "cryptominisat 5.6.3 (registry+https://github.com/rust-lang/crates.io-index)",
 "eva-crypto 0.1.0",
]

[[package]]
name = "libc"
version = "0.2.55"
source = "registry+https://github.com/rust-lang/crates.io-index"

[metadata]
"checksum bitreader 0.3.1 (registry+https://github.com/rust-lang/crates.io-index)" = "a13e712f6e04f0e507a913abf5e008ba2a342ec26d9fac34ba0766bd77ced5b8"
"checksum cc 1.0.37 (registry+https://github.com/rust-lang/crates.io-index)" = "39f75544d7bbaf57560d2168f28fd649ff9c76153874db88bdbdfd839b1a7e7d"
"checksum cmake 0.1.40 (registry+https://github.com/rust-lang/crates.io-index)" = "2ca4386c8954b76a8415b63959337d940d724b336cabd3afe189c2b51a7e1ff0"
"checksum cryptominisat 5.6.3 (registry+https://github.com/rust-lang/crates.io-index)" = "a91e885fbdadabf78e7b294df6348ecbec6101f6c8908cebef792df5fa3a3c63"
"checksum libc 0.2.55 (registry+https://github.com/rust-lang/crates.io-index)" = "42914d39aad277d9e176efbdad68acb1d5443ab65afe0e0e4f0d49352a950880"
